
Microsoft Visual Studio Solution File, Format Version 12.00
# Visual Studio Version 17
VisualStudioVersion = 17.5.33414.496
MinimumVisualStudioVersion = 10.0.40219.1
Project("{2150E333-8FDC-42A3-9474-1A3956D46DE8}") = "Doc", "Doc", "{0A0FAE1E-7FA5-4D37-B7F0-F27CEB81FF71}"
	ProjectSection(SolutionItems) = preProject
		단축키.txt = 단축키.txt
		메모리영역.txt = 메모리영역.txt
		용어설명.txt = 용어설명.txt
	EndProjectSection
EndProject
Project("{2150E333-8FDC-42A3-9474-1A3956D46DE8}") = "HomeWork", "HomeWork", "{AA2593B1-EABE-47EE-9736-A7BDAA386322}"
EndProject
Project("{8BC9CEB8-8B4A-11D0-8D11-00A0C91BC942}") = "HomeWork0317", "HomeWork0317\HomeWork0317.vcxproj", "{43025B8E-8058-47B4-8CA5-EA9994EDC648}"
EndProject
Project("{8BC9CEB8-8B4A-11D0-8D11-00A0C91BC942}") = "HomeWork0321", "HomeWork0321\HomeWork0321.vcxproj", "{781A5884-3A7A-4D0A-BE08-1CC57D6038CC}"
EndProject
Project("{8BC9CEB8-8B4A-11D0-8D11-00A0C91BC942}") = "HomeWork0323", "HomeWork0323\HomeWork0323.vcxproj", "{3200C294-363F-4ABF-821F-5068865935F1}"
EndProject
Project("{8BC9CEB8-8B4A-11D0-8D11-00A0C91BC942}") = "HomeWork0324", "HomeWork0324\HomeWork0324.vcxproj", "{7384DAD2-0537-4248-9715-E71919F01A2F}"
EndProject
Project("{8BC9CEB8-8B4A-11D0-8D11-00A0C91BC942}") = "HomeWork0329", "HomeWork0329\HomeWork0329.vcxproj", "{043F5F20-56DE-4B23-B490-081A12593433}"
EndProject
Project("{8BC9CEB8-8B4A-11D0-8D11-00A0C91BC942}") = "HomeWork0330", "HomeWork0330\HomeWork0330.vcxproj", "{9ABE26BF-ABB3-49AF-B029-483B78025549}"
EndProject
Global
	GlobalSection(SolutionConfigurationPlatforms) = preSolution
		Debug|x64 = Debug|x64
		Debug|x86 = Debug|x86
		Release|x64 = Release|x64
		Release|x86 = Release|x86
	EndGlobalSection
	GlobalSection(ProjectConfigurationPlatforms) = postSolution
		{43025B8E-8058-47B4-8CA5-EA9994EDC648}.Debug|x64.ActiveCfg = Debug|x64
		{43025B8E-8058-47B4-8CA5-EA9994EDC648}.Debug|x64.Build.0 = Debug|x64
		{43025B8E-8058-47B4-8CA5-EA9994EDC648}.Debug|x86.ActiveCfg = Debug|Win32
		{43025B8E-8058-47B4-8CA5-EA9994EDC648}.Debug|x86.Build.0 = Debug|Win32
		{43025B8E-8058-47B4-8CA5-EA9994EDC648}.Release|x64.ActiveCfg = Release|x64
		{43025B8E-8058-47B4-8CA5-EA9994EDC648}.Release|x64.Build.0 = Release|x64
		{43025B8E-8058-47B4-8CA5-EA9994EDC648}.Release|x86.ActiveCfg = Release|Win32
		{43025B8E-8058-47B4-8CA5-EA9994EDC648}.Release|x86.Build.0 = Release|Win32
		{781A5884-3A7A-4D0A-BE08-1CC57D6038CC}.Debug|x64.ActiveCfg = Debug|x64
		{781A5884-3A7A-4D0A-BE08-1CC57D6038CC}.Debug|x64.Build.0 = Debug|x64
		{781A5884-3A7A-4D0A-BE08-1CC57D6038CC}.Debug|x86.ActiveCfg = Debug|Win32
		{781A5884-3A7A-4D0A-BE08-1CC57D6038CC}.Debug|x86.Build.0 = Debug|Win32
		{781A5884-3A7A-4D0A-BE08-1CC57D6038CC}.Release|x64.ActiveCfg = Release|x64
		{781A5884-3A7A-4D0A-BE08-1CC57D6038CC}.Release|x64.Build.0 = Release|x64
		{781A5884-3A7A-4D0A-BE08-1CC57D6038CC}.Release|x86.ActiveCfg = Release|Win32
		{781A5884-3A7A-4D0A-BE08-1CC57D6038CC}.Release|x86.Build.0 = Release|Win32
		{3200C294-363F-4ABF-821F-5068865935F1}.Debug|x64.ActiveCfg = Debug|x64
		{3200C294-363F-4ABF-821F-5068865935F1}.Debug|x64.Build.0 = Debug|x64
		{3200C294-363F-4ABF-821F-5068865935F1}.Debug|x86.ActiveCfg = Debug|Win32
		{3200C294-363F-4ABF-821F-5068865935F1}.Debug|x86.Build.0 = Debug|Win32
		{3200C294-363F-4ABF-821F-5068865935F1}.Release|x64.ActiveCfg = Release|x64
		{3200C294-363F-4ABF-821F-5068865935F1}.Release|x64.Build.0 = Release|x64
		{3200C294-363F-4ABF-821F-5068865935F1}.Release|x86.ActiveCfg = Release|Win32
		{3200C294-363F-4ABF-821F-5068865935F1}.Release|x86.Build.0 = Release|Win32
		{7384DAD2-0537-4248-9715-E71919F01A2F}.Debug|x64.ActiveCfg = Debug|x64
		{7384DAD2-0537-4248-9715-E71919F01A2F}.Debug|x64.Build.0 = Debug|x64
		{7384DAD2-0537-4248-9715-E71919F01A2F}.Debug|x86.ActiveCfg = Debug|Win32
		{7384DAD2-0537-4248-9715-E71919F01A2F}.Debug|x86.Build.0 = Debug|Win32
		{7384DAD2-0537-4248-9715-E71919F01A2F}.Release|x64.ActiveCfg = Release|x64
		{7384DAD2-0537-4248-9715-E71919F01A2F}.Release|x64.Build.0 = Release|x64
		{7384DAD2-0537-4248-9715-E71919F01A2F}.Release|x86.ActiveCfg = Release|Win32
		{7384DAD2-0537-4248-9715-E71919F01A2F}.Release|x86.Build.0 = Release|Win32
		{043F5F20-56DE-4B23-B490-081A12593433}.Debug|x64.ActiveCfg = Debug|x64
		{043F5F20-56DE-4B23-B490-081A12593433}.Debug|x64.Build.0 = Debug|x64
		{043F5F20-56DE-4B23-B490-081A12593433}.Debug|x86.ActiveCfg = Debug|Win32
		{043F5F20-56DE-4B23-B490-081A12593433}.Debug|x86.Build.0 = Debug|Win32
		{043F5F20-56DE-4B23-B490-081A12593433}.Release|x64.ActiveCfg = Release|x64
		{043F5F20-56DE-4B23-B490-081A12593433}.Release|x64.Build.0 = Release|x64
		{043F5F20-56DE-4B23-B490-081A12593433}.Release|x86.ActiveCfg = Release|Win32
		{043F5F20-56DE-4B23-B490-081A12593433}.Release|x86.Build.0 = Release|Win32
		{9ABE26BF-ABB3-49AF-B029-483B78025549}.Debug|x64.ActiveCfg = Debug|x64
		{9ABE26BF-ABB3-49AF-B029-483B78025549}.Debug|x64.Build.0 = Debug|x64
		{9ABE26BF-ABB3-49AF-B029-483B78025549}.Debug|x86.ActiveCfg = Debug|Win32
		{9ABE26BF-ABB3-49AF-B029-483B78025549}.Debug|x86.Build.0 = Debug|Win32
		{9ABE26BF-ABB3-49AF-B029-483B78025549}.Release|x64.ActiveCfg = Release|x64
		{9ABE26BF-ABB3-49AF-B029-483B78025549}.Release|x64.Build.0 = Release|x64
		{9ABE26BF-ABB3-49AF-B029-483B78025549}.Release|x86.ActiveCfg = Release|Win32
		{9ABE26BF-ABB3-49AF-B029-483B78025549}.Release|x86.Build.0 = Release|Win32
	EndGlobalSection
	GlobalSection(SolutionProperties) = preSolution
		HideSolutionNode = FALSE
	EndGlobalSection
	GlobalSection(NestedProjects) = preSolution
		{43025B8E-8058-47B4-8CA5-EA9994EDC648} = {AA2593B1-EABE-47EE-9736-A7BDAA386322}
	EndGlobalSection
	GlobalSection(ExtensibilityGlobals) = postSolution
		SolutionGuid = {ECD60016-D02F-4232-9E21-4B77D56C2C4C}
	EndGlobalSection
EndGlobal
