
Microsoft Visual Studio Solution File, Format Version 12.00
# Visual Studio Version 17
VisualStudioVersion = 17.5.33414.496
MinimumVisualStudioVersion = 10.0.40219.1
Project("{8BC9CEB8-8B4A-11D0-8D11-00A0C91BC942}") = "001_AR47Start", "001_AR47Start\001_AR47Start.vcxproj", "{D395EC60-272D-481F-AF24-19AC0639CEE1}"
EndProject
Project("{8BC9CEB8-8B4A-11D0-8D11-00A0C91BC942}") = "002_Compaile", "002_Compaile\002_Compaile.vcxproj", "{80AC010F-A695-4256-ADE1-1DAD3F790D29}"
EndProject
Project("{8BC9CEB8-8B4A-11D0-8D11-00A0C91BC942}") = "003_MainFunction", "003_MainFunction\003_MainFunction.vcxproj", "{80762C93-D51A-4403-B0E6-E50F2EE97E48}"
EndProject
Project("{8BC9CEB8-8B4A-11D0-8D11-00A0C91BC942}") = "004_Var", "004_Var\004_Var.vcxproj", "{56D65572-C3A0-4726-A941-979D2FFAABEE}"
EndProject
Project("{2150E333-8FDC-42A3-9474-1A3956D46DE8}") = "Doc", "Doc", "{0A0FAE1E-7FA5-4D37-B7F0-F27CEB81FF71}"
	ProjectSection(SolutionItems) = preProject
		단축키.txt = 단축키.txt
		메모리영역.txt = 메모리영역.txt
		용어설명.txt = 용어설명.txt
	EndProjectSection
EndProject
Project("{8BC9CEB8-8B4A-11D0-8D11-00A0C91BC942}") = "005_Operator000", "005_Operator000\005_Operator000.vcxproj", "{DBA89BD5-4382-4EE4-9E89-8BF1743ADA18}"
EndProject
Project("{8BC9CEB8-8B4A-11D0-8D11-00A0C91BC942}") = "006_InitOrCopy", "006_InitOrCopy\006_InitOrCopy.vcxproj", "{4381E22D-E746-4084-8C31-7704534D4384}"
EndProject
Project("{8BC9CEB8-8B4A-11D0-8D11-00A0C91BC942}") = "007_Operator001", "007_Operator001\007_Operator001.vcxproj", "{805AD697-C384-4801-9B64-16B29ABB831E}"
EndProject
Project("{8BC9CEB8-8B4A-11D0-8D11-00A0C91BC942}") = "008_Bit", "008_Bit\008_Bit.vcxproj", "{36EF474A-699D-4E63-9F05-F96CE5C832EB}"
EndProject
Project("{8BC9CEB8-8B4A-11D0-8D11-00A0C91BC942}") = "009_Semicolon", "009_Semicolon\009_Semicolon.vcxproj", "{78B5D770-4752-4AB1-AC14-837FD534B50B}"
EndProject
Project("{8BC9CEB8-8B4A-11D0-8D11-00A0C91BC942}") = "010_Operator002", "010_Operator002\010_Operator002.vcxproj", "{52CD0B3C-BAAC-4AD9-9533-3B712687F2B4}"
EndProject
Project("{8BC9CEB8-8B4A-11D0-8D11-00A0C91BC942}") = "011_Operator003", "011_Operator003\011_Operator003.vcxproj", "{708893E6-F90C-4370-8596-BE414D961414}"
EndProject
Project("{8BC9CEB8-8B4A-11D0-8D11-00A0C91BC942}") = "012_FunctionAndMemory", "012_FunctionAndMemory\012_FunctionAndMemory.vcxproj", "{FB1BFF00-96E5-478E-9A9A-1BFC5842A0B1}"
EndProject
Project("{8BC9CEB8-8B4A-11D0-8D11-00A0C91BC942}") = "013_Function", "013_Function\013_Function.vcxproj", "{AAFD82C5-BE8E-44D9-8189-2C5FAE979270}"
EndProject
Project("{8BC9CEB8-8B4A-11D0-8D11-00A0C91BC942}") = "014_Unsigned", "014_Unsigned\014_Unsigned.vcxproj", "{0AA37095-287D-42E0-B59E-8708CC4CDB5D}"
EndProject
Project("{8BC9CEB8-8B4A-11D0-8D11-00A0C91BC942}") = "015_Charactor", "015_Charactor\015_Charactor.vcxproj", "{AF12A42E-C841-4706-AB4A-D23EAAAAEA56}"
EndProject
Project("{8BC9CEB8-8B4A-11D0-8D11-00A0C91BC942}") = "016_ArrayToString", "16_ArrayToString\16_ArrayToString.vcxproj", "{96D9EA99-1AFD-4B53-AE09-99318EBC7C2D}"
EndProject
Project("{8BC9CEB8-8B4A-11D0-8D11-00A0C91BC942}") = "017_Printf", "017_Printf\017_Printf.vcxproj", "{48B1EA97-8AF9-4279-835C-D7F5E82680D7}"
EndProject
Project("{8BC9CEB8-8B4A-11D0-8D11-00A0C91BC942}") = "018_const001", "018_const\018_const.vcxproj", "{95E91331-9AEC-41CC-AD56-B4BF0C51AC71}"
EndProject
Project("{8BC9CEB8-8B4A-11D0-8D11-00A0C91BC942}") = "019_inline001", "019_inline\019_inline.vcxproj", "{ECF22B66-DD9D-4C7D-B7A5-10DA3AF17EFB}"
EndProject
Project("{8BC9CEB8-8B4A-11D0-8D11-00A0C91BC942}") = "020_Pointer000", "020_Pointer\020_Pointer.vcxproj", "{4CCE2A6B-0075-40B2-99A4-55AD856E706C}"
EndProject
Project("{8BC9CEB8-8B4A-11D0-8D11-00A0C91BC942}") = "021_Pointer001", "021_Pointer001\021_Pointer001.vcxproj", "{EE9D29A0-1EBC-4CAA-970F-2662D6D59EF8}"
EndProject
Project("{8BC9CEB8-8B4A-11D0-8D11-00A0C91BC942}") = "022_PointerOperator", "022_PointerOperator\022_PointerOperator.vcxproj", "{5F1B3E51-8D78-47D0-B87B-662B559459CB}"
EndProject
Project("{8BC9CEB8-8B4A-11D0-8D11-00A0C91BC942}") = "023_nullptr", "023_nullptr\023_nullptr.vcxproj", "{480AC6A8-9E64-4A2C-8264-8D6555E50E15}"
EndProject
Project("{8BC9CEB8-8B4A-11D0-8D11-00A0C91BC942}") = "024_Reference", "024_Reference\024_Reference.vcxproj", "{8F493A39-104B-419F-A03F-E90E05B2DA87}"
EndProject
Project("{8BC9CEB8-8B4A-11D0-8D11-00A0C91BC942}") = "025_Const002", "025_Printf001\025_Printf001.vcxproj", "{8945F1C7-1A7E-428D-8603-19B405C507C4}"
EndProject
Project("{8BC9CEB8-8B4A-11D0-8D11-00A0C91BC942}") = "026_TypeChange", "026_TypeChange\026_TypeChange.vcxproj", "{58DAA394-5478-4445-93F7-30F6240437ED}"
EndProject
Project("{8BC9CEB8-8B4A-11D0-8D11-00A0C91BC942}") = "027_Printf_s", "027_Printf_s_Create\027_Printf_s_Create.vcxproj", "{B8AF56C3-F2A0-437D-8A3E-383AE66E54A1}"
EndProject
Project("{8BC9CEB8-8B4A-11D0-8D11-00A0C91BC942}") = "028_While", "028_While\028_While.vcxproj", "{D45A0343-2442-4B66-84BC-9F47175A9680}"
EndProject
Project("{8BC9CEB8-8B4A-11D0-8D11-00A0C91BC942}") = "029_Variableargument", "029_Variableargument\029_Variableargument.vcxproj", "{D07465F7-9CC9-4E9B-9818-4DD3271DFB3D}"
EndProject
Project("{8BC9CEB8-8B4A-11D0-8D11-00A0C91BC942}") = "030_PointerOperator000", "030_PointerOperator000\030_PointerOperator000.vcxproj", "{3AF5B484-3AD2-439B-B60F-BC249DEAF66C}"
EndProject
Project("{8BC9CEB8-8B4A-11D0-8D11-00A0C91BC942}") = "031_If", "031_If\031_If.vcxproj", "{4D5C4277-5C33-4618-B23A-EB9F6A6CD2BF}"
EndProject
Project("{8BC9CEB8-8B4A-11D0-8D11-00A0C91BC942}") = "032_Switch", "32_Switch\32_Switch.vcxproj", "{B43F2364-B4FC-45FF-95BA-57FE44DD49B6}"
EndProject
Project("{8BC9CEB8-8B4A-11D0-8D11-00A0C91BC942}") = "033_MyPrintf", "033_MyPrintf\033_MyPrintf.vcxproj", "{9D329AB0-CCB9-41C7-B91D-1B635ADEA48C}"
EndProject
Project("{2150E333-8FDC-42A3-9474-1A3956D46DE8}") = "HomeWork", "HomeWork", "{AA2593B1-EABE-47EE-9736-A7BDAA386322}"
EndProject
Project("{8BC9CEB8-8B4A-11D0-8D11-00A0C91BC942}") = "HomeWork0317", "HomeWork0317\HomeWork0317.vcxproj", "{43025B8E-8058-47B4-8CA5-EA9994EDC648}"
EndProject
Global
	GlobalSection(SolutionConfigurationPlatforms) = preSolution
		Debug|x64 = Debug|x64
		Debug|x86 = Debug|x86
		Release|x64 = Release|x64
		Release|x86 = Release|x86
	EndGlobalSection
	GlobalSection(ProjectConfigurationPlatforms) = postSolution
		{D395EC60-272D-481F-AF24-19AC0639CEE1}.Debug|x64.ActiveCfg = Debug|x64
		{D395EC60-272D-481F-AF24-19AC0639CEE1}.Debug|x64.Build.0 = Debug|x64
		{D395EC60-272D-481F-AF24-19AC0639CEE1}.Debug|x86.ActiveCfg = Debug|Win32
		{D395EC60-272D-481F-AF24-19AC0639CEE1}.Debug|x86.Build.0 = Debug|Win32
		{D395EC60-272D-481F-AF24-19AC0639CEE1}.Release|x64.ActiveCfg = Release|x64
		{D395EC60-272D-481F-AF24-19AC0639CEE1}.Release|x64.Build.0 = Release|x64
		{D395EC60-272D-481F-AF24-19AC0639CEE1}.Release|x86.ActiveCfg = Release|Win32
		{D395EC60-272D-481F-AF24-19AC0639CEE1}.Release|x86.Build.0 = Release|Win32
		{80AC010F-A695-4256-ADE1-1DAD3F790D29}.Debug|x64.ActiveCfg = Debug|x64
		{80AC010F-A695-4256-ADE1-1DAD3F790D29}.Debug|x64.Build.0 = Debug|x64
		{80AC010F-A695-4256-ADE1-1DAD3F790D29}.Debug|x86.ActiveCfg = Debug|Win32
		{80AC010F-A695-4256-ADE1-1DAD3F790D29}.Debug|x86.Build.0 = Debug|Win32
		{80AC010F-A695-4256-ADE1-1DAD3F790D29}.Release|x64.ActiveCfg = Release|x64
		{80AC010F-A695-4256-ADE1-1DAD3F790D29}.Release|x64.Build.0 = Release|x64
		{80AC010F-A695-4256-ADE1-1DAD3F790D29}.Release|x86.ActiveCfg = Release|Win32
		{80AC010F-A695-4256-ADE1-1DAD3F790D29}.Release|x86.Build.0 = Release|Win32
		{80762C93-D51A-4403-B0E6-E50F2EE97E48}.Debug|x64.ActiveCfg = Debug|x64
		{80762C93-D51A-4403-B0E6-E50F2EE97E48}.Debug|x64.Build.0 = Debug|x64
		{80762C93-D51A-4403-B0E6-E50F2EE97E48}.Debug|x86.ActiveCfg = Debug|Win32
		{80762C93-D51A-4403-B0E6-E50F2EE97E48}.Debug|x86.Build.0 = Debug|Win32
		{80762C93-D51A-4403-B0E6-E50F2EE97E48}.Release|x64.ActiveCfg = Release|x64
		{80762C93-D51A-4403-B0E6-E50F2EE97E48}.Release|x64.Build.0 = Release|x64
		{80762C93-D51A-4403-B0E6-E50F2EE97E48}.Release|x86.ActiveCfg = Release|Win32
		{80762C93-D51A-4403-B0E6-E50F2EE97E48}.Release|x86.Build.0 = Release|Win32
		{56D65572-C3A0-4726-A941-979D2FFAABEE}.Debug|x64.ActiveCfg = Debug|x64
		{56D65572-C3A0-4726-A941-979D2FFAABEE}.Debug|x64.Build.0 = Debug|x64
		{56D65572-C3A0-4726-A941-979D2FFAABEE}.Debug|x86.ActiveCfg = Debug|Win32
		{56D65572-C3A0-4726-A941-979D2FFAABEE}.Debug|x86.Build.0 = Debug|Win32
		{56D65572-C3A0-4726-A941-979D2FFAABEE}.Release|x64.ActiveCfg = Release|x64
		{56D65572-C3A0-4726-A941-979D2FFAABEE}.Release|x64.Build.0 = Release|x64
		{56D65572-C3A0-4726-A941-979D2FFAABEE}.Release|x86.ActiveCfg = Release|Win32
		{56D65572-C3A0-4726-A941-979D2FFAABEE}.Release|x86.Build.0 = Release|Win32
		{DBA89BD5-4382-4EE4-9E89-8BF1743ADA18}.Debug|x64.ActiveCfg = Debug|x64
		{DBA89BD5-4382-4EE4-9E89-8BF1743ADA18}.Debug|x64.Build.0 = Debug|x64
		{DBA89BD5-4382-4EE4-9E89-8BF1743ADA18}.Debug|x86.ActiveCfg = Debug|Win32
		{DBA89BD5-4382-4EE4-9E89-8BF1743ADA18}.Debug|x86.Build.0 = Debug|Win32
		{DBA89BD5-4382-4EE4-9E89-8BF1743ADA18}.Release|x64.ActiveCfg = Release|x64
		{DBA89BD5-4382-4EE4-9E89-8BF1743ADA18}.Release|x64.Build.0 = Release|x64
		{DBA89BD5-4382-4EE4-9E89-8BF1743ADA18}.Release|x86.ActiveCfg = Release|Win32
		{DBA89BD5-4382-4EE4-9E89-8BF1743ADA18}.Release|x86.Build.0 = Release|Win32
		{4381E22D-E746-4084-8C31-7704534D4384}.Debug|x64.ActiveCfg = Debug|x64
		{4381E22D-E746-4084-8C31-7704534D4384}.Debug|x64.Build.0 = Debug|x64
		{4381E22D-E746-4084-8C31-7704534D4384}.Debug|x86.ActiveCfg = Debug|Win32
		{4381E22D-E746-4084-8C31-7704534D4384}.Debug|x86.Build.0 = Debug|Win32
		{4381E22D-E746-4084-8C31-7704534D4384}.Release|x64.ActiveCfg = Release|x64
		{4381E22D-E746-4084-8C31-7704534D4384}.Release|x64.Build.0 = Release|x64
		{4381E22D-E746-4084-8C31-7704534D4384}.Release|x86.ActiveCfg = Release|Win32
		{4381E22D-E746-4084-8C31-7704534D4384}.Release|x86.Build.0 = Release|Win32
		{805AD697-C384-4801-9B64-16B29ABB831E}.Debug|x64.ActiveCfg = Debug|x64
		{805AD697-C384-4801-9B64-16B29ABB831E}.Debug|x64.Build.0 = Debug|x64
		{805AD697-C384-4801-9B64-16B29ABB831E}.Debug|x86.ActiveCfg = Debug|Win32
		{805AD697-C384-4801-9B64-16B29ABB831E}.Debug|x86.Build.0 = Debug|Win32
		{805AD697-C384-4801-9B64-16B29ABB831E}.Release|x64.ActiveCfg = Release|x64
		{805AD697-C384-4801-9B64-16B29ABB831E}.Release|x64.Build.0 = Release|x64
		{805AD697-C384-4801-9B64-16B29ABB831E}.Release|x86.ActiveCfg = Release|Win32
		{805AD697-C384-4801-9B64-16B29ABB831E}.Release|x86.Build.0 = Release|Win32
		{36EF474A-699D-4E63-9F05-F96CE5C832EB}.Debug|x64.ActiveCfg = Debug|x64
		{36EF474A-699D-4E63-9F05-F96CE5C832EB}.Debug|x64.Build.0 = Debug|x64
		{36EF474A-699D-4E63-9F05-F96CE5C832EB}.Debug|x86.ActiveCfg = Debug|Win32
		{36EF474A-699D-4E63-9F05-F96CE5C832EB}.Debug|x86.Build.0 = Debug|Win32
		{36EF474A-699D-4E63-9F05-F96CE5C832EB}.Release|x64.ActiveCfg = Release|x64
		{36EF474A-699D-4E63-9F05-F96CE5C832EB}.Release|x64.Build.0 = Release|x64
		{36EF474A-699D-4E63-9F05-F96CE5C832EB}.Release|x86.ActiveCfg = Release|Win32
		{36EF474A-699D-4E63-9F05-F96CE5C832EB}.Release|x86.Build.0 = Release|Win32
		{78B5D770-4752-4AB1-AC14-837FD534B50B}.Debug|x64.ActiveCfg = Debug|x64
		{78B5D770-4752-4AB1-AC14-837FD534B50B}.Debug|x64.Build.0 = Debug|x64
		{78B5D770-4752-4AB1-AC14-837FD534B50B}.Debug|x86.ActiveCfg = Debug|Win32
		{78B5D770-4752-4AB1-AC14-837FD534B50B}.Debug|x86.Build.0 = Debug|Win32
		{78B5D770-4752-4AB1-AC14-837FD534B50B}.Release|x64.ActiveCfg = Release|x64
		{78B5D770-4752-4AB1-AC14-837FD534B50B}.Release|x64.Build.0 = Release|x64
		{78B5D770-4752-4AB1-AC14-837FD534B50B}.Release|x86.ActiveCfg = Release|Win32
		{78B5D770-4752-4AB1-AC14-837FD534B50B}.Release|x86.Build.0 = Release|Win32
		{52CD0B3C-BAAC-4AD9-9533-3B712687F2B4}.Debug|x64.ActiveCfg = Debug|x64
		{52CD0B3C-BAAC-4AD9-9533-3B712687F2B4}.Debug|x64.Build.0 = Debug|x64
		{52CD0B3C-BAAC-4AD9-9533-3B712687F2B4}.Debug|x86.ActiveCfg = Debug|Win32
		{52CD0B3C-BAAC-4AD9-9533-3B712687F2B4}.Debug|x86.Build.0 = Debug|Win32
		{52CD0B3C-BAAC-4AD9-9533-3B712687F2B4}.Release|x64.ActiveCfg = Release|x64
		{52CD0B3C-BAAC-4AD9-9533-3B712687F2B4}.Release|x64.Build.0 = Release|x64
		{52CD0B3C-BAAC-4AD9-9533-3B712687F2B4}.Release|x86.ActiveCfg = Release|Win32
		{52CD0B3C-BAAC-4AD9-9533-3B712687F2B4}.Release|x86.Build.0 = Release|Win32
		{708893E6-F90C-4370-8596-BE414D961414}.Debug|x64.ActiveCfg = Debug|x64
		{708893E6-F90C-4370-8596-BE414D961414}.Debug|x64.Build.0 = Debug|x64
		{708893E6-F90C-4370-8596-BE414D961414}.Debug|x86.ActiveCfg = Debug|Win32
		{708893E6-F90C-4370-8596-BE414D961414}.Debug|x86.Build.0 = Debug|Win32
		{708893E6-F90C-4370-8596-BE414D961414}.Release|x64.ActiveCfg = Release|x64
		{708893E6-F90C-4370-8596-BE414D961414}.Release|x64.Build.0 = Release|x64
		{708893E6-F90C-4370-8596-BE414D961414}.Release|x86.ActiveCfg = Release|Win32
		{708893E6-F90C-4370-8596-BE414D961414}.Release|x86.Build.0 = Release|Win32
		{FB1BFF00-96E5-478E-9A9A-1BFC5842A0B1}.Debug|x64.ActiveCfg = Debug|x64
		{FB1BFF00-96E5-478E-9A9A-1BFC5842A0B1}.Debug|x64.Build.0 = Debug|x64
		{FB1BFF00-96E5-478E-9A9A-1BFC5842A0B1}.Debug|x86.ActiveCfg = Debug|Win32
		{FB1BFF00-96E5-478E-9A9A-1BFC5842A0B1}.Debug|x86.Build.0 = Debug|Win32
		{FB1BFF00-96E5-478E-9A9A-1BFC5842A0B1}.Release|x64.ActiveCfg = Release|x64
		{FB1BFF00-96E5-478E-9A9A-1BFC5842A0B1}.Release|x64.Build.0 = Release|x64
		{FB1BFF00-96E5-478E-9A9A-1BFC5842A0B1}.Release|x86.ActiveCfg = Release|Win32
		{FB1BFF00-96E5-478E-9A9A-1BFC5842A0B1}.Release|x86.Build.0 = Release|Win32
		{AAFD82C5-BE8E-44D9-8189-2C5FAE979270}.Debug|x64.ActiveCfg = Debug|x64
		{AAFD82C5-BE8E-44D9-8189-2C5FAE979270}.Debug|x64.Build.0 = Debug|x64
		{AAFD82C5-BE8E-44D9-8189-2C5FAE979270}.Debug|x86.ActiveCfg = Debug|Win32
		{AAFD82C5-BE8E-44D9-8189-2C5FAE979270}.Debug|x86.Build.0 = Debug|Win32
		{AAFD82C5-BE8E-44D9-8189-2C5FAE979270}.Release|x64.ActiveCfg = Release|x64
		{AAFD82C5-BE8E-44D9-8189-2C5FAE979270}.Release|x64.Build.0 = Release|x64
		{AAFD82C5-BE8E-44D9-8189-2C5FAE979270}.Release|x86.ActiveCfg = Release|Win32
		{AAFD82C5-BE8E-44D9-8189-2C5FAE979270}.Release|x86.Build.0 = Release|Win32
		{0AA37095-287D-42E0-B59E-8708CC4CDB5D}.Debug|x64.ActiveCfg = Debug|x64
		{0AA37095-287D-42E0-B59E-8708CC4CDB5D}.Debug|x64.Build.0 = Debug|x64
		{0AA37095-287D-42E0-B59E-8708CC4CDB5D}.Debug|x86.ActiveCfg = Debug|Win32
		{0AA37095-287D-42E0-B59E-8708CC4CDB5D}.Debug|x86.Build.0 = Debug|Win32
		{0AA37095-287D-42E0-B59E-8708CC4CDB5D}.Release|x64.ActiveCfg = Release|x64
		{0AA37095-287D-42E0-B59E-8708CC4CDB5D}.Release|x64.Build.0 = Release|x64
		{0AA37095-287D-42E0-B59E-8708CC4CDB5D}.Release|x86.ActiveCfg = Release|Win32
		{0AA37095-287D-42E0-B59E-8708CC4CDB5D}.Release|x86.Build.0 = Release|Win32
		{AF12A42E-C841-4706-AB4A-D23EAAAAEA56}.Debug|x64.ActiveCfg = Debug|x64
		{AF12A42E-C841-4706-AB4A-D23EAAAAEA56}.Debug|x64.Build.0 = Debug|x64
		{AF12A42E-C841-4706-AB4A-D23EAAAAEA56}.Debug|x86.ActiveCfg = Debug|Win32
		{AF12A42E-C841-4706-AB4A-D23EAAAAEA56}.Debug|x86.Build.0 = Debug|Win32
		{AF12A42E-C841-4706-AB4A-D23EAAAAEA56}.Release|x64.ActiveCfg = Release|x64
		{AF12A42E-C841-4706-AB4A-D23EAAAAEA56}.Release|x64.Build.0 = Release|x64
		{AF12A42E-C841-4706-AB4A-D23EAAAAEA56}.Release|x86.ActiveCfg = Release|Win32
		{AF12A42E-C841-4706-AB4A-D23EAAAAEA56}.Release|x86.Build.0 = Release|Win32
		{96D9EA99-1AFD-4B53-AE09-99318EBC7C2D}.Debug|x64.ActiveCfg = Debug|x64
		{96D9EA99-1AFD-4B53-AE09-99318EBC7C2D}.Debug|x64.Build.0 = Debug|x64
		{96D9EA99-1AFD-4B53-AE09-99318EBC7C2D}.Debug|x86.ActiveCfg = Debug|Win32
		{96D9EA99-1AFD-4B53-AE09-99318EBC7C2D}.Debug|x86.Build.0 = Debug|Win32
		{96D9EA99-1AFD-4B53-AE09-99318EBC7C2D}.Release|x64.ActiveCfg = Release|x64
		{96D9EA99-1AFD-4B53-AE09-99318EBC7C2D}.Release|x64.Build.0 = Release|x64
		{96D9EA99-1AFD-4B53-AE09-99318EBC7C2D}.Release|x86.ActiveCfg = Release|Win32
		{96D9EA99-1AFD-4B53-AE09-99318EBC7C2D}.Release|x86.Build.0 = Release|Win32
		{48B1EA97-8AF9-4279-835C-D7F5E82680D7}.Debug|x64.ActiveCfg = Debug|x64
		{48B1EA97-8AF9-4279-835C-D7F5E82680D7}.Debug|x64.Build.0 = Debug|x64
		{48B1EA97-8AF9-4279-835C-D7F5E82680D7}.Debug|x86.ActiveCfg = Debug|Win32
		{48B1EA97-8AF9-4279-835C-D7F5E82680D7}.Debug|x86.Build.0 = Debug|Win32
		{48B1EA97-8AF9-4279-835C-D7F5E82680D7}.Release|x64.ActiveCfg = Release|x64
		{48B1EA97-8AF9-4279-835C-D7F5E82680D7}.Release|x64.Build.0 = Release|x64
		{48B1EA97-8AF9-4279-835C-D7F5E82680D7}.Release|x86.ActiveCfg = Release|Win32
		{48B1EA97-8AF9-4279-835C-D7F5E82680D7}.Release|x86.Build.0 = Release|Win32
		{95E91331-9AEC-41CC-AD56-B4BF0C51AC71}.Debug|x64.ActiveCfg = Debug|x64
		{95E91331-9AEC-41CC-AD56-B4BF0C51AC71}.Debug|x64.Build.0 = Debug|x64
		{95E91331-9AEC-41CC-AD56-B4BF0C51AC71}.Debug|x86.ActiveCfg = Debug|Win32
		{95E91331-9AEC-41CC-AD56-B4BF0C51AC71}.Debug|x86.Build.0 = Debug|Win32
		{95E91331-9AEC-41CC-AD56-B4BF0C51AC71}.Release|x64.ActiveCfg = Release|x64
		{95E91331-9AEC-41CC-AD56-B4BF0C51AC71}.Release|x64.Build.0 = Release|x64
		{95E91331-9AEC-41CC-AD56-B4BF0C51AC71}.Release|x86.ActiveCfg = Release|Win32
		{95E91331-9AEC-41CC-AD56-B4BF0C51AC71}.Release|x86.Build.0 = Release|Win32
		{ECF22B66-DD9D-4C7D-B7A5-10DA3AF17EFB}.Debug|x64.ActiveCfg = Debug|x64
		{ECF22B66-DD9D-4C7D-B7A5-10DA3AF17EFB}.Debug|x64.Build.0 = Debug|x64
		{ECF22B66-DD9D-4C7D-B7A5-10DA3AF17EFB}.Debug|x86.ActiveCfg = Debug|Win32
		{ECF22B66-DD9D-4C7D-B7A5-10DA3AF17EFB}.Debug|x86.Build.0 = Debug|Win32
		{ECF22B66-DD9D-4C7D-B7A5-10DA3AF17EFB}.Release|x64.ActiveCfg = Release|x64
		{ECF22B66-DD9D-4C7D-B7A5-10DA3AF17EFB}.Release|x64.Build.0 = Release|x64
		{ECF22B66-DD9D-4C7D-B7A5-10DA3AF17EFB}.Release|x86.ActiveCfg = Release|Win32
		{ECF22B66-DD9D-4C7D-B7A5-10DA3AF17EFB}.Release|x86.Build.0 = Release|Win32
		{4CCE2A6B-0075-40B2-99A4-55AD856E706C}.Debug|x64.ActiveCfg = Debug|x64
		{4CCE2A6B-0075-40B2-99A4-55AD856E706C}.Debug|x64.Build.0 = Debug|x64
		{4CCE2A6B-0075-40B2-99A4-55AD856E706C}.Debug|x86.ActiveCfg = Debug|Win32
		{4CCE2A6B-0075-40B2-99A4-55AD856E706C}.Debug|x86.Build.0 = Debug|Win32
		{4CCE2A6B-0075-40B2-99A4-55AD856E706C}.Release|x64.ActiveCfg = Release|x64
		{4CCE2A6B-0075-40B2-99A4-55AD856E706C}.Release|x64.Build.0 = Release|x64
		{4CCE2A6B-0075-40B2-99A4-55AD856E706C}.Release|x86.ActiveCfg = Release|Win32
		{4CCE2A6B-0075-40B2-99A4-55AD856E706C}.Release|x86.Build.0 = Release|Win32
		{EE9D29A0-1EBC-4CAA-970F-2662D6D59EF8}.Debug|x64.ActiveCfg = Debug|x64
		{EE9D29A0-1EBC-4CAA-970F-2662D6D59EF8}.Debug|x64.Build.0 = Debug|x64
		{EE9D29A0-1EBC-4CAA-970F-2662D6D59EF8}.Debug|x86.ActiveCfg = Debug|Win32
		{EE9D29A0-1EBC-4CAA-970F-2662D6D59EF8}.Debug|x86.Build.0 = Debug|Win32
		{EE9D29A0-1EBC-4CAA-970F-2662D6D59EF8}.Release|x64.ActiveCfg = Release|x64
		{EE9D29A0-1EBC-4CAA-970F-2662D6D59EF8}.Release|x64.Build.0 = Release|x64
		{EE9D29A0-1EBC-4CAA-970F-2662D6D59EF8}.Release|x86.ActiveCfg = Release|Win32
		{EE9D29A0-1EBC-4CAA-970F-2662D6D59EF8}.Release|x86.Build.0 = Release|Win32
		{5F1B3E51-8D78-47D0-B87B-662B559459CB}.Debug|x64.ActiveCfg = Debug|x64
		{5F1B3E51-8D78-47D0-B87B-662B559459CB}.Debug|x64.Build.0 = Debug|x64
		{5F1B3E51-8D78-47D0-B87B-662B559459CB}.Debug|x86.ActiveCfg = Debug|Win32
		{5F1B3E51-8D78-47D0-B87B-662B559459CB}.Debug|x86.Build.0 = Debug|Win32
		{5F1B3E51-8D78-47D0-B87B-662B559459CB}.Release|x64.ActiveCfg = Release|x64
		{5F1B3E51-8D78-47D0-B87B-662B559459CB}.Release|x64.Build.0 = Release|x64
		{5F1B3E51-8D78-47D0-B87B-662B559459CB}.Release|x86.ActiveCfg = Release|Win32
		{5F1B3E51-8D78-47D0-B87B-662B559459CB}.Release|x86.Build.0 = Release|Win32
		{480AC6A8-9E64-4A2C-8264-8D6555E50E15}.Debug|x64.ActiveCfg = Debug|x64
		{480AC6A8-9E64-4A2C-8264-8D6555E50E15}.Debug|x64.Build.0 = Debug|x64
		{480AC6A8-9E64-4A2C-8264-8D6555E50E15}.Debug|x86.ActiveCfg = Debug|Win32
		{480AC6A8-9E64-4A2C-8264-8D6555E50E15}.Debug|x86.Build.0 = Debug|Win32
		{480AC6A8-9E64-4A2C-8264-8D6555E50E15}.Release|x64.ActiveCfg = Release|x64
		{480AC6A8-9E64-4A2C-8264-8D6555E50E15}.Release|x64.Build.0 = Release|x64
		{480AC6A8-9E64-4A2C-8264-8D6555E50E15}.Release|x86.ActiveCfg = Release|Win32
		{480AC6A8-9E64-4A2C-8264-8D6555E50E15}.Release|x86.Build.0 = Release|Win32
		{8F493A39-104B-419F-A03F-E90E05B2DA87}.Debug|x64.ActiveCfg = Debug|x64
		{8F493A39-104B-419F-A03F-E90E05B2DA87}.Debug|x64.Build.0 = Debug|x64
		{8F493A39-104B-419F-A03F-E90E05B2DA87}.Debug|x86.ActiveCfg = Debug|Win32
		{8F493A39-104B-419F-A03F-E90E05B2DA87}.Debug|x86.Build.0 = Debug|Win32
		{8F493A39-104B-419F-A03F-E90E05B2DA87}.Release|x64.ActiveCfg = Release|x64
		{8F493A39-104B-419F-A03F-E90E05B2DA87}.Release|x64.Build.0 = Release|x64
		{8F493A39-104B-419F-A03F-E90E05B2DA87}.Release|x86.ActiveCfg = Release|Win32
		{8F493A39-104B-419F-A03F-E90E05B2DA87}.Release|x86.Build.0 = Release|Win32
		{8945F1C7-1A7E-428D-8603-19B405C507C4}.Debug|x64.ActiveCfg = Debug|x64
		{8945F1C7-1A7E-428D-8603-19B405C507C4}.Debug|x64.Build.0 = Debug|x64
		{8945F1C7-1A7E-428D-8603-19B405C507C4}.Debug|x86.ActiveCfg = Debug|Win32
		{8945F1C7-1A7E-428D-8603-19B405C507C4}.Debug|x86.Build.0 = Debug|Win32
		{8945F1C7-1A7E-428D-8603-19B405C507C4}.Release|x64.ActiveCfg = Release|x64
		{8945F1C7-1A7E-428D-8603-19B405C507C4}.Release|x64.Build.0 = Release|x64
		{8945F1C7-1A7E-428D-8603-19B405C507C4}.Release|x86.ActiveCfg = Release|Win32
		{8945F1C7-1A7E-428D-8603-19B405C507C4}.Release|x86.Build.0 = Release|Win32
		{58DAA394-5478-4445-93F7-30F6240437ED}.Debug|x64.ActiveCfg = Debug|x64
		{58DAA394-5478-4445-93F7-30F6240437ED}.Debug|x64.Build.0 = Debug|x64
		{58DAA394-5478-4445-93F7-30F6240437ED}.Debug|x86.ActiveCfg = Debug|Win32
		{58DAA394-5478-4445-93F7-30F6240437ED}.Debug|x86.Build.0 = Debug|Win32
		{58DAA394-5478-4445-93F7-30F6240437ED}.Release|x64.ActiveCfg = Release|x64
		{58DAA394-5478-4445-93F7-30F6240437ED}.Release|x64.Build.0 = Release|x64
		{58DAA394-5478-4445-93F7-30F6240437ED}.Release|x86.ActiveCfg = Release|Win32
		{58DAA394-5478-4445-93F7-30F6240437ED}.Release|x86.Build.0 = Release|Win32
		{B8AF56C3-F2A0-437D-8A3E-383AE66E54A1}.Debug|x64.ActiveCfg = Debug|x64
		{B8AF56C3-F2A0-437D-8A3E-383AE66E54A1}.Debug|x64.Build.0 = Debug|x64
		{B8AF56C3-F2A0-437D-8A3E-383AE66E54A1}.Debug|x86.ActiveCfg = Debug|Win32
		{B8AF56C3-F2A0-437D-8A3E-383AE66E54A1}.Debug|x86.Build.0 = Debug|Win32
		{B8AF56C3-F2A0-437D-8A3E-383AE66E54A1}.Release|x64.ActiveCfg = Release|x64
		{B8AF56C3-F2A0-437D-8A3E-383AE66E54A1}.Release|x64.Build.0 = Release|x64
		{B8AF56C3-F2A0-437D-8A3E-383AE66E54A1}.Release|x86.ActiveCfg = Release|Win32
		{B8AF56C3-F2A0-437D-8A3E-383AE66E54A1}.Release|x86.Build.0 = Release|Win32
		{D45A0343-2442-4B66-84BC-9F47175A9680}.Debug|x64.ActiveCfg = Debug|x64
		{D45A0343-2442-4B66-84BC-9F47175A9680}.Debug|x64.Build.0 = Debug|x64
		{D45A0343-2442-4B66-84BC-9F47175A9680}.Debug|x86.ActiveCfg = Debug|Win32
		{D45A0343-2442-4B66-84BC-9F47175A9680}.Debug|x86.Build.0 = Debug|Win32
		{D45A0343-2442-4B66-84BC-9F47175A9680}.Release|x64.ActiveCfg = Release|x64
		{D45A0343-2442-4B66-84BC-9F47175A9680}.Release|x64.Build.0 = Release|x64
		{D45A0343-2442-4B66-84BC-9F47175A9680}.Release|x86.ActiveCfg = Release|Win32
		{D45A0343-2442-4B66-84BC-9F47175A9680}.Release|x86.Build.0 = Release|Win32
		{D07465F7-9CC9-4E9B-9818-4DD3271DFB3D}.Debug|x64.ActiveCfg = Debug|x64
		{D07465F7-9CC9-4E9B-9818-4DD3271DFB3D}.Debug|x64.Build.0 = Debug|x64
		{D07465F7-9CC9-4E9B-9818-4DD3271DFB3D}.Debug|x86.ActiveCfg = Debug|Win32
		{D07465F7-9CC9-4E9B-9818-4DD3271DFB3D}.Debug|x86.Build.0 = Debug|Win32
		{D07465F7-9CC9-4E9B-9818-4DD3271DFB3D}.Release|x64.ActiveCfg = Release|x64
		{D07465F7-9CC9-4E9B-9818-4DD3271DFB3D}.Release|x64.Build.0 = Release|x64
		{D07465F7-9CC9-4E9B-9818-4DD3271DFB3D}.Release|x86.ActiveCfg = Release|Win32
		{D07465F7-9CC9-4E9B-9818-4DD3271DFB3D}.Release|x86.Build.0 = Release|Win32
		{3AF5B484-3AD2-439B-B60F-BC249DEAF66C}.Debug|x64.ActiveCfg = Debug|x64
		{3AF5B484-3AD2-439B-B60F-BC249DEAF66C}.Debug|x64.Build.0 = Debug|x64
		{3AF5B484-3AD2-439B-B60F-BC249DEAF66C}.Debug|x86.ActiveCfg = Debug|Win32
		{3AF5B484-3AD2-439B-B60F-BC249DEAF66C}.Debug|x86.Build.0 = Debug|Win32
		{3AF5B484-3AD2-439B-B60F-BC249DEAF66C}.Release|x64.ActiveCfg = Release|x64
		{3AF5B484-3AD2-439B-B60F-BC249DEAF66C}.Release|x64.Build.0 = Release|x64
		{3AF5B484-3AD2-439B-B60F-BC249DEAF66C}.Release|x86.ActiveCfg = Release|Win32
		{3AF5B484-3AD2-439B-B60F-BC249DEAF66C}.Release|x86.Build.0 = Release|Win32
		{4D5C4277-5C33-4618-B23A-EB9F6A6CD2BF}.Debug|x64.ActiveCfg = Debug|x64
		{4D5C4277-5C33-4618-B23A-EB9F6A6CD2BF}.Debug|x64.Build.0 = Debug|x64
		{4D5C4277-5C33-4618-B23A-EB9F6A6CD2BF}.Debug|x86.ActiveCfg = Debug|Win32
		{4D5C4277-5C33-4618-B23A-EB9F6A6CD2BF}.Debug|x86.Build.0 = Debug|Win32
		{4D5C4277-5C33-4618-B23A-EB9F6A6CD2BF}.Release|x64.ActiveCfg = Release|x64
		{4D5C4277-5C33-4618-B23A-EB9F6A6CD2BF}.Release|x64.Build.0 = Release|x64
		{4D5C4277-5C33-4618-B23A-EB9F6A6CD2BF}.Release|x86.ActiveCfg = Release|Win32
		{4D5C4277-5C33-4618-B23A-EB9F6A6CD2BF}.Release|x86.Build.0 = Release|Win32
		{B43F2364-B4FC-45FF-95BA-57FE44DD49B6}.Debug|x64.ActiveCfg = Debug|x64
		{B43F2364-B4FC-45FF-95BA-57FE44DD49B6}.Debug|x64.Build.0 = Debug|x64
		{B43F2364-B4FC-45FF-95BA-57FE44DD49B6}.Debug|x86.ActiveCfg = Debug|Win32
		{B43F2364-B4FC-45FF-95BA-57FE44DD49B6}.Debug|x86.Build.0 = Debug|Win32
		{B43F2364-B4FC-45FF-95BA-57FE44DD49B6}.Release|x64.ActiveCfg = Release|x64
		{B43F2364-B4FC-45FF-95BA-57FE44DD49B6}.Release|x64.Build.0 = Release|x64
		{B43F2364-B4FC-45FF-95BA-57FE44DD49B6}.Release|x86.ActiveCfg = Release|Win32
		{B43F2364-B4FC-45FF-95BA-57FE44DD49B6}.Release|x86.Build.0 = Release|Win32
		{9D329AB0-CCB9-41C7-B91D-1B635ADEA48C}.Debug|x64.ActiveCfg = Debug|x64
		{9D329AB0-CCB9-41C7-B91D-1B635ADEA48C}.Debug|x64.Build.0 = Debug|x64
		{9D329AB0-CCB9-41C7-B91D-1B635ADEA48C}.Debug|x86.ActiveCfg = Debug|Win32
		{9D329AB0-CCB9-41C7-B91D-1B635ADEA48C}.Debug|x86.Build.0 = Debug|Win32
		{9D329AB0-CCB9-41C7-B91D-1B635ADEA48C}.Release|x64.ActiveCfg = Release|x64
		{9D329AB0-CCB9-41C7-B91D-1B635ADEA48C}.Release|x64.Build.0 = Release|x64
		{9D329AB0-CCB9-41C7-B91D-1B635ADEA48C}.Release|x86.ActiveCfg = Release|Win32
		{9D329AB0-CCB9-41C7-B91D-1B635ADEA48C}.Release|x86.Build.0 = Release|Win32
		{43025B8E-8058-47B4-8CA5-EA9994EDC648}.Debug|x64.ActiveCfg = Debug|x64
		{43025B8E-8058-47B4-8CA5-EA9994EDC648}.Debug|x64.Build.0 = Debug|x64
		{43025B8E-8058-47B4-8CA5-EA9994EDC648}.Debug|x86.ActiveCfg = Debug|Win32
		{43025B8E-8058-47B4-8CA5-EA9994EDC648}.Debug|x86.Build.0 = Debug|Win32
		{43025B8E-8058-47B4-8CA5-EA9994EDC648}.Release|x64.ActiveCfg = Release|x64
		{43025B8E-8058-47B4-8CA5-EA9994EDC648}.Release|x64.Build.0 = Release|x64
		{43025B8E-8058-47B4-8CA5-EA9994EDC648}.Release|x86.ActiveCfg = Release|Win32
		{43025B8E-8058-47B4-8CA5-EA9994EDC648}.Release|x86.Build.0 = Release|Win32
	EndGlobalSection
	GlobalSection(SolutionProperties) = preSolution
		HideSolutionNode = FALSE
	EndGlobalSection
	GlobalSection(NestedProjects) = preSolution
		{43025B8E-8058-47B4-8CA5-EA9994EDC648} = {AA2593B1-EABE-47EE-9736-A7BDAA386322}
	EndGlobalSection
	GlobalSection(ExtensibilityGlobals) = postSolution
		SolutionGuid = {ECD60016-D02F-4232-9E21-4B77D56C2C4C}
	EndGlobalSection
EndGlobal
